
Microsoft Visual Studio Solution File, Format Version 11.00
# Visual Studio 2010
Project("{F184B08F-C81C-45F6-A57F-5ABD9991F28F}") = "IMSS Onerror Cleaner", "IMSS Onerror Cleaner\IMSS Onerror Cleaner.vbproj", "{6C250BAD-D8A8-4E17-A1A3-28F190C7D51B}"
EndProject
Global
	GlobalSection(SolutionConfigurationPlatforms) = preSolution
		Debug|x86 = Debug|x86
		Release|x86 = Release|x86
	EndGlobalSection
	GlobalSection(ProjectConfigurationPlatforms) = postSolution
		{6C250BAD-D8A8-4E17-A1A3-28F190C7D51B}.Debug|x86.ActiveCfg = Debug|x86
		{6C250BAD-D8A8-4E17-A1A3-28F190C7D51B}.Debug|x86.Build.0 = Debug|x86
		{6C250BAD-D8A8-4E17-A1A3-28F190C7D51B}.Release|x86.ActiveCfg = Release|x86
		{6C250BAD-D8A8-4E17-A1A3-28F190C7D51B}.Release|x86.Build.0 = Release|x86
	EndGlobalSection
	GlobalSection(SolutionProperties) = preSolution
		HideSolutionNode = FALSE
	EndGlobalSection
EndGlobal
